
Microsoft Visual Studio Solution File, Format Version 12.00
# Visual Studio Version 17
VisualStudioVersion = 17.9.34728.123
MinimumVisualStudioVersion = 10.0.40219.1
Project("{FAE04EC0-301F-11D3-BF4B-00C04F79EFBC}") = "Controle-Estoque", "Controle-estoque\Controle-Estoque.csproj", "{77D5CCDC-B030-416F-B1A2-79E83B320F2A}"
EndProject
Project("{FAE04EC0-301F-11D3-BF4B-00C04F79EFBC}") = "Dados-Retangulo", "Dados-Retangulo\Dados-Retangulo.csproj", "{E6979F93-F0F4-4223-869D-3616363EE7FD}"
EndProject
Project("{FAE04EC0-301F-11D3-BF4B-00C04F79EFBC}") = "Calculo-Salario", "Calculo-Salario\Calculo-Salario.csproj", "{2564DD7E-A714-4279-9560-A778C7956AC3}"
EndProject
Project("{FAE04EC0-301F-11D3-BF4B-00C04F79EFBC}") = "Calculo-Nota-Final", "Calculo-Nota-Final\Calculo-Nota-Final.csproj", "{F2BD2117-CA32-4F65-A4BA-091D5E1CCE99}"
EndProject
Project("{FAE04EC0-301F-11D3-BF4B-00C04F79EFBC}") = "Conversor-De-Moedas-MembrosEstaticos", "Conversor-De-Moedas-MembrosEstaticos\Conversor-De-Moedas-MembrosEstaticos.csproj", "{6F2E889E-D540-4870-9F6E-5D8C3BC586AA}"
EndProject
Global
	GlobalSection(SolutionConfigurationPlatforms) = preSolution
		Debug|Any CPU = Debug|Any CPU
		Release|Any CPU = Release|Any CPU
	EndGlobalSection
	GlobalSection(ProjectConfigurationPlatforms) = postSolution
		{77D5CCDC-B030-416F-B1A2-79E83B320F2A}.Debug|Any CPU.ActiveCfg = Debug|Any CPU
		{77D5CCDC-B030-416F-B1A2-79E83B320F2A}.Debug|Any CPU.Build.0 = Debug|Any CPU
		{77D5CCDC-B030-416F-B1A2-79E83B320F2A}.Release|Any CPU.ActiveCfg = Release|Any CPU
		{77D5CCDC-B030-416F-B1A2-79E83B320F2A}.Release|Any CPU.Build.0 = Release|Any CPU
		{E6979F93-F0F4-4223-869D-3616363EE7FD}.Debug|Any CPU.ActiveCfg = Debug|Any CPU
		{E6979F93-F0F4-4223-869D-3616363EE7FD}.Debug|Any CPU.Build.0 = Debug|Any CPU
		{E6979F93-F0F4-4223-869D-3616363EE7FD}.Release|Any CPU.ActiveCfg = Release|Any CPU
		{E6979F93-F0F4-4223-869D-3616363EE7FD}.Release|Any CPU.Build.0 = Release|Any CPU
		{2564DD7E-A714-4279-9560-A778C7956AC3}.Debug|Any CPU.ActiveCfg = Debug|Any CPU
		{2564DD7E-A714-4279-9560-A778C7956AC3}.Debug|Any CPU.Build.0 = Debug|Any CPU
		{2564DD7E-A714-4279-9560-A778C7956AC3}.Release|Any CPU.ActiveCfg = Release|Any CPU
		{2564DD7E-A714-4279-9560-A778C7956AC3}.Release|Any CPU.Build.0 = Release|Any CPU
		{F2BD2117-CA32-4F65-A4BA-091D5E1CCE99}.Debug|Any CPU.ActiveCfg = Debug|Any CPU
		{F2BD2117-CA32-4F65-A4BA-091D5E1CCE99}.Debug|Any CPU.Build.0 = Debug|Any CPU
		{F2BD2117-CA32-4F65-A4BA-091D5E1CCE99}.Release|Any CPU.ActiveCfg = Release|Any CPU
		{F2BD2117-CA32-4F65-A4BA-091D5E1CCE99}.Release|Any CPU.Build.0 = Release|Any CPU
		{6F2E889E-D540-4870-9F6E-5D8C3BC586AA}.Debug|Any CPU.ActiveCfg = Debug|Any CPU
		{6F2E889E-D540-4870-9F6E-5D8C3BC586AA}.Debug|Any CPU.Build.0 = Debug|Any CPU
		{6F2E889E-D540-4870-9F6E-5D8C3BC586AA}.Release|Any CPU.ActiveCfg = Release|Any CPU
		{6F2E889E-D540-4870-9F6E-5D8C3BC586AA}.Release|Any CPU.Build.0 = Release|Any CPU
	EndGlobalSection
	GlobalSection(SolutionProperties) = preSolution
		HideSolutionNode = FALSE
	EndGlobalSection
	GlobalSection(ExtensibilityGlobals) = postSolution
		SolutionGuid = {86E5C4F7-5ECC-456F-9A18-7D516AD01BFD}
	EndGlobalSection
EndGlobal
